
Microsoft Visual Studio Solution File, Format Version 12.00
# Visual Studio 2015
Project("{FAE04EC0-301F-11D3-BF4B-00C04F79EFBC}") = "VRMemories.CSharp", "VRMemories.CSharp.csproj", "{5E67C2D1-26F1-A2C6-6583-585C906A1373}"
EndProject
Project("{FAE04EC0-301F-11D3-BF4B-00C04F79EFBC}") = "VRMemories.CSharp.Editor", "VRMemories.CSharp.Editor.csproj", "{1933226B-3B2C-F9A8-5884-9096391ABEA2}"
EndProject
Global
	GlobalSection(SolutionConfigurationPlatforms) = preSolution
		Debug|Any CPU = Debug|Any CPU
		Release|Any CPU = Release|Any CPU
	EndGlobalSection
	GlobalSection(ProjectConfigurationPlatforms) = postSolution
		{5E67C2D1-26F1-A2C6-6583-585C906A1373}.Debug|Any CPU.ActiveCfg = Debug|Any CPU
		{5E67C2D1-26F1-A2C6-6583-585C906A1373}.Debug|Any CPU.Build.0 = Debug|Any CPU
		{5E67C2D1-26F1-A2C6-6583-585C906A1373}.Release|Any CPU.ActiveCfg = Release|Any CPU
		{5E67C2D1-26F1-A2C6-6583-585C906A1373}.Release|Any CPU.Build.0 = Release|Any CPU
		{1933226B-3B2C-F9A8-5884-9096391ABEA2}.Debug|Any CPU.ActiveCfg = Debug|Any CPU
		{1933226B-3B2C-F9A8-5884-9096391ABEA2}.Debug|Any CPU.Build.0 = Debug|Any CPU
		{1933226B-3B2C-F9A8-5884-9096391ABEA2}.Release|Any CPU.ActiveCfg = Release|Any CPU
		{1933226B-3B2C-F9A8-5884-9096391ABEA2}.Release|Any CPU.Build.0 = Release|Any CPU
	EndGlobalSection
	GlobalSection(SolutionProperties) = preSolution
		HideSolutionNode = FALSE
	EndGlobalSection
EndGlobal
